
Microsoft Visual Studio Solution File, Format Version 12.00
# Visual Studio Version 16
VisualStudioVersion = 16.0.29806.167
MinimumVisualStudioVersion = 10.0.40219.1
Project("{FAE04EC0-301F-11D3-BF4B-00C04F79EFBC}") = "DuplicateAssemblyScanner", "DuplicateAssemblyScanner\DuplicateAssemblyScanner.csproj", "{EFBA373B-88B2-427A-8396-6F9D56C89F74}"
EndProject
Global
	GlobalSection(SolutionConfigurationPlatforms) = preSolution
		Debug|Any CPU = Debug|Any CPU
		Release|Any CPU = Release|Any CPU
	EndGlobalSection
	GlobalSection(ProjectConfigurationPlatforms) = postSolution
		{EFBA373B-88B2-427A-8396-6F9D56C89F74}.Debug|Any CPU.ActiveCfg = Debug|Any CPU
		{EFBA373B-88B2-427A-8396-6F9D56C89F74}.Debug|Any CPU.Build.0 = Debug|Any CPU
		{EFBA373B-88B2-427A-8396-6F9D56C89F74}.Release|Any CPU.ActiveCfg = Release|Any CPU
		{EFBA373B-88B2-427A-8396-6F9D56C89F74}.Release|Any CPU.Build.0 = Release|Any CPU
	EndGlobalSection
	GlobalSection(SolutionProperties) = preSolution
		HideSolutionNode = FALSE
	EndGlobalSection
	GlobalSection(ExtensibilityGlobals) = postSolution
		SolutionGuid = {09A2E730-54F9-4FE7-B281-3F08C5663525}
	EndGlobalSection
EndGlobal
